
Microsoft Visual Studio Solution File, Format Version 12.00
# Visual Studio Version 16
VisualStudioVersion = 16.0.29920.165
MinimumVisualStudioVersion = 10.0.40219.1
Project("{8BC9CEB8-8B4A-11D0-8D11-00A0C91BC942}") = "Lesson", "Lesson\Lesson.vcxproj", "{77D4D3DF-2D3A-4C89-BF86-A9EDA9220B72}"
EndProject
Project("{8BC9CEB8-8B4A-11D0-8D11-00A0C91BC942}") = "CIN", "CIN\CIN.vcxproj", "{006470E5-8821-4789-B359-F5BD67F9C018}"
EndProject
Project("{8BC9CEB8-8B4A-11D0-8D11-00A0C91BC942}") = "Constant", "Constant\Constant.vcxproj", "{71D7C472-7A1A-4754-BA6C-3E974C69A70C}"
EndProject
Project("{8BC9CEB8-8B4A-11D0-8D11-00A0C91BC942}") = "Pheptoancoban", "Pheptoancoban\Pheptoancoban.vcxproj", "{728B7C18-946A-4227-A329-083DCCB33AB2}"
EndProject
Project("{8BC9CEB8-8B4A-11D0-8D11-00A0C91BC942}") = "ToanTuTangGiam", "ToanTuTangGiam\ToanTuTangGiam.vcxproj", "{A968B28A-A14E-4F40-88E9-898E296876B2}"
EndProject
Project("{8BC9CEB8-8B4A-11D0-8D11-00A0C91BC942}") = "Bool", "Bool\Bool.vcxproj", "{24A107D2-48CD-42B2-8317-F51EAD78586B}"
EndProject
Project("{8BC9CEB8-8B4A-11D0-8D11-00A0C91BC942}") = "ReNhanh", "ReNhanh\ReNhanh.vcxproj", "{D289041E-B4FA-4112-AA47-4D8322440D0C}"
EndProject
Project("{8BC9CEB8-8B4A-11D0-8D11-00A0C91BC942}") = "PTbac2", "PTbac2\PTbac2.vcxproj", "{19E72928-0DAD-464B-9C17-7CEE58D47865}"
EndProject
Project("{8BC9CEB8-8B4A-11D0-8D11-00A0C91BC942}") = "Day", "Day\Day.vcxproj", "{0971AEC6-362F-4A68-968C-08BA9096CF1E}"
EndProject
Project("{8BC9CEB8-8B4A-11D0-8D11-00A0C91BC942}") = "Switch", "Switch\Switch.vcxproj", "{464AD93B-3913-4B8D-AC23-BFA1F1C74288}"
EndProject
Project("{8BC9CEB8-8B4A-11D0-8D11-00A0C91BC942}") = "While", "While\While.vcxproj", "{E5FB9E7E-95CC-41FA-9A65-5EE9FE0BF496}"
EndProject
Project("{8BC9CEB8-8B4A-11D0-8D11-00A0C91BC942}") = "Do-While", "Do-While\Do-While.vcxproj", "{FBB957EA-09B6-46F2-BF92-8A91E7A182A3}"
EndProject
Project("{8BC9CEB8-8B4A-11D0-8D11-00A0C91BC942}") = "For", "For\For.vcxproj", "{B9B3D552-BC80-403D-AE04-F78E8987777B}"
EndProject
Project("{8BC9CEB8-8B4A-11D0-8D11-00A0C91BC942}") = "BreakAndContinue", "BreakAndContinue\BreakAndContinue.vcxproj", "{81899C9E-C48A-437C-9F85-BF1FC0B69A0D}"
EndProject
Project("{8BC9CEB8-8B4A-11D0-8D11-00A0C91BC942}") = "MangMotchieu", "MangMotchieu\MangMotchieu.vcxproj", "{21739EF6-55F1-4E24-8630-8712879C67E4}"
EndProject
Project("{8BC9CEB8-8B4A-11D0-8D11-00A0C91BC942}") = "Mang2chieu", "Mang2chieu\Mang2chieu.vcxproj", "{D9A6AD58-94E6-466E-8A8E-A2669955327C}"
EndProject
Project("{8BC9CEB8-8B4A-11D0-8D11-00A0C91BC942}") = "Function", "Function\Function.vcxproj", "{5AF6C3E7-3871-4826-BB58-805A2C44B349}"
EndProject
Project("{8BC9CEB8-8B4A-11D0-8D11-00A0C91BC942}") = "MangKyTu", "MangKyTu\MangKyTu.vcxproj", "{B062FE08-CE73-43FD-812C-31AA7BD320A7}"
EndProject
Project("{8BC9CEB8-8B4A-11D0-8D11-00A0C91BC942}") = "NhapXuatFile", "NhapXuatFile\NhapXuatFile.vcxproj", "{52117DAE-7551-4876-9786-8DAF4356FB96}"
EndProject
Project("{8BC9CEB8-8B4A-11D0-8D11-00A0C91BC942}") = "Recursion", "Recursion\Recursion.vcxproj", "{16587DA8-969B-4929-84A5-240C47BCB09B}"
EndProject
Project("{8BC9CEB8-8B4A-11D0-8D11-00A0C91BC942}") = "ReadWriteVietNamese", "ReadWriteVietNamese\ReadWriteVietNamese.vcxproj", "{D39BCAF0-8850-4C58-9384-AEF711302422}"
EndProject
Global
	GlobalSection(SolutionConfigurationPlatforms) = preSolution
		Debug|x64 = Debug|x64
		Debug|x86 = Debug|x86
		Release|x64 = Release|x64
		Release|x86 = Release|x86
	EndGlobalSection
	GlobalSection(ProjectConfigurationPlatforms) = postSolution
		{77D4D3DF-2D3A-4C89-BF86-A9EDA9220B72}.Debug|x64.ActiveCfg = Debug|x64
		{77D4D3DF-2D3A-4C89-BF86-A9EDA9220B72}.Debug|x64.Build.0 = Debug|x64
		{77D4D3DF-2D3A-4C89-BF86-A9EDA9220B72}.Debug|x86.ActiveCfg = Debug|Win32
		{77D4D3DF-2D3A-4C89-BF86-A9EDA9220B72}.Debug|x86.Build.0 = Debug|Win32
		{77D4D3DF-2D3A-4C89-BF86-A9EDA9220B72}.Release|x64.ActiveCfg = Release|x64
		{77D4D3DF-2D3A-4C89-BF86-A9EDA9220B72}.Release|x64.Build.0 = Release|x64
		{77D4D3DF-2D3A-4C89-BF86-A9EDA9220B72}.Release|x86.ActiveCfg = Release|Win32
		{77D4D3DF-2D3A-4C89-BF86-A9EDA9220B72}.Release|x86.Build.0 = Release|Win32
		{006470E5-8821-4789-B359-F5BD67F9C018}.Debug|x64.ActiveCfg = Debug|x64
		{006470E5-8821-4789-B359-F5BD67F9C018}.Debug|x64.Build.0 = Debug|x64
		{006470E5-8821-4789-B359-F5BD67F9C018}.Debug|x86.ActiveCfg = Debug|Win32
		{006470E5-8821-4789-B359-F5BD67F9C018}.Debug|x86.Build.0 = Debug|Win32
		{006470E5-8821-4789-B359-F5BD67F9C018}.Release|x64.ActiveCfg = Release|x64
		{006470E5-8821-4789-B359-F5BD67F9C018}.Release|x64.Build.0 = Release|x64
		{006470E5-8821-4789-B359-F5BD67F9C018}.Release|x86.ActiveCfg = Release|Win32
		{006470E5-8821-4789-B359-F5BD67F9C018}.Release|x86.Build.0 = Release|Win32
		{71D7C472-7A1A-4754-BA6C-3E974C69A70C}.Debug|x64.ActiveCfg = Debug|x64
		{71D7C472-7A1A-4754-BA6C-3E974C69A70C}.Debug|x64.Build.0 = Debug|x64
		{71D7C472-7A1A-4754-BA6C-3E974C69A70C}.Debug|x86.ActiveCfg = Debug|Win32
		{71D7C472-7A1A-4754-BA6C-3E974C69A70C}.Debug|x86.Build.0 = Debug|Win32
		{71D7C472-7A1A-4754-BA6C-3E974C69A70C}.Release|x64.ActiveCfg = Release|x64
		{71D7C472-7A1A-4754-BA6C-3E974C69A70C}.Release|x64.Build.0 = Release|x64
		{71D7C472-7A1A-4754-BA6C-3E974C69A70C}.Release|x86.ActiveCfg = Release|Win32
		{71D7C472-7A1A-4754-BA6C-3E974C69A70C}.Release|x86.Build.0 = Release|Win32
		{728B7C18-946A-4227-A329-083DCCB33AB2}.Debug|x64.ActiveCfg = Debug|x64
		{728B7C18-946A-4227-A329-083DCCB33AB2}.Debug|x64.Build.0 = Debug|x64
		{728B7C18-946A-4227-A329-083DCCB33AB2}.Debug|x86.ActiveCfg = Debug|Win32
		{728B7C18-946A-4227-A329-083DCCB33AB2}.Debug|x86.Build.0 = Debug|Win32
		{728B7C18-946A-4227-A329-083DCCB33AB2}.Release|x64.ActiveCfg = Release|x64
		{728B7C18-946A-4227-A329-083DCCB33AB2}.Release|x64.Build.0 = Release|x64
		{728B7C18-946A-4227-A329-083DCCB33AB2}.Release|x86.ActiveCfg = Release|Win32
		{728B7C18-946A-4227-A329-083DCCB33AB2}.Release|x86.Build.0 = Release|Win32
		{A968B28A-A14E-4F40-88E9-898E296876B2}.Debug|x64.ActiveCfg = Debug|x64
		{A968B28A-A14E-4F40-88E9-898E296876B2}.Debug|x64.Build.0 = Debug|x64
		{A968B28A-A14E-4F40-88E9-898E296876B2}.Debug|x86.ActiveCfg = Debug|Win32
		{A968B28A-A14E-4F40-88E9-898E296876B2}.Debug|x86.Build.0 = Debug|Win32
		{A968B28A-A14E-4F40-88E9-898E296876B2}.Release|x64.ActiveCfg = Release|x64
		{A968B28A-A14E-4F40-88E9-898E296876B2}.Release|x64.Build.0 = Release|x64
		{A968B28A-A14E-4F40-88E9-898E296876B2}.Release|x86.ActiveCfg = Release|Win32
		{A968B28A-A14E-4F40-88E9-898E296876B2}.Release|x86.Build.0 = Release|Win32
		{24A107D2-48CD-42B2-8317-F51EAD78586B}.Debug|x64.ActiveCfg = Debug|x64
		{24A107D2-48CD-42B2-8317-F51EAD78586B}.Debug|x64.Build.0 = Debug|x64
		{24A107D2-48CD-42B2-8317-F51EAD78586B}.Debug|x86.ActiveCfg = Debug|Win32
		{24A107D2-48CD-42B2-8317-F51EAD78586B}.Debug|x86.Build.0 = Debug|Win32
		{24A107D2-48CD-42B2-8317-F51EAD78586B}.Release|x64.ActiveCfg = Release|x64
		{24A107D2-48CD-42B2-8317-F51EAD78586B}.Release|x64.Build.0 = Release|x64
		{24A107D2-48CD-42B2-8317-F51EAD78586B}.Release|x86.ActiveCfg = Release|Win32
		{24A107D2-48CD-42B2-8317-F51EAD78586B}.Release|x86.Build.0 = Release|Win32
		{D289041E-B4FA-4112-AA47-4D8322440D0C}.Debug|x64.ActiveCfg = Debug|x64
		{D289041E-B4FA-4112-AA47-4D8322440D0C}.Debug|x64.Build.0 = Debug|x64
		{D289041E-B4FA-4112-AA47-4D8322440D0C}.Debug|x86.ActiveCfg = Debug|Win32
		{D289041E-B4FA-4112-AA47-4D8322440D0C}.Debug|x86.Build.0 = Debug|Win32
		{D289041E-B4FA-4112-AA47-4D8322440D0C}.Release|x64.ActiveCfg = Release|x64
		{D289041E-B4FA-4112-AA47-4D8322440D0C}.Release|x64.Build.0 = Release|x64
		{D289041E-B4FA-4112-AA47-4D8322440D0C}.Release|x86.ActiveCfg = Release|Win32
		{D289041E-B4FA-4112-AA47-4D8322440D0C}.Release|x86.Build.0 = Release|Win32
		{19E72928-0DAD-464B-9C17-7CEE58D47865}.Debug|x64.ActiveCfg = Debug|x64
		{19E72928-0DAD-464B-9C17-7CEE58D47865}.Debug|x64.Build.0 = Debug|x64
		{19E72928-0DAD-464B-9C17-7CEE58D47865}.Debug|x86.ActiveCfg = Debug|Win32
		{19E72928-0DAD-464B-9C17-7CEE58D47865}.Debug|x86.Build.0 = Debug|Win32
		{19E72928-0DAD-464B-9C17-7CEE58D47865}.Release|x64.ActiveCfg = Release|x64
		{19E72928-0DAD-464B-9C17-7CEE58D47865}.Release|x64.Build.0 = Release|x64
		{19E72928-0DAD-464B-9C17-7CEE58D47865}.Release|x86.ActiveCfg = Release|Win32
		{19E72928-0DAD-464B-9C17-7CEE58D47865}.Release|x86.Build.0 = Release|Win32
		{0971AEC6-362F-4A68-968C-08BA9096CF1E}.Debug|x64.ActiveCfg = Debug|x64
		{0971AEC6-362F-4A68-968C-08BA9096CF1E}.Debug|x64.Build.0 = Debug|x64
		{0971AEC6-362F-4A68-968C-08BA9096CF1E}.Debug|x86.ActiveCfg = Debug|Win32
		{0971AEC6-362F-4A68-968C-08BA9096CF1E}.Debug|x86.Build.0 = Debug|Win32
		{0971AEC6-362F-4A68-968C-08BA9096CF1E}.Release|x64.ActiveCfg = Release|x64
		{0971AEC6-362F-4A68-968C-08BA9096CF1E}.Release|x64.Build.0 = Release|x64
		{0971AEC6-362F-4A68-968C-08BA9096CF1E}.Release|x86.ActiveCfg = Release|Win32
		{0971AEC6-362F-4A68-968C-08BA9096CF1E}.Release|x86.Build.0 = Release|Win32
		{464AD93B-3913-4B8D-AC23-BFA1F1C74288}.Debug|x64.ActiveCfg = Debug|x64
		{464AD93B-3913-4B8D-AC23-BFA1F1C74288}.Debug|x64.Build.0 = Debug|x64
		{464AD93B-3913-4B8D-AC23-BFA1F1C74288}.Debug|x86.ActiveCfg = Debug|Win32
		{464AD93B-3913-4B8D-AC23-BFA1F1C74288}.Debug|x86.Build.0 = Debug|Win32
		{464AD93B-3913-4B8D-AC23-BFA1F1C74288}.Release|x64.ActiveCfg = Release|x64
		{464AD93B-3913-4B8D-AC23-BFA1F1C74288}.Release|x64.Build.0 = Release|x64
		{464AD93B-3913-4B8D-AC23-BFA1F1C74288}.Release|x86.ActiveCfg = Release|Win32
		{464AD93B-3913-4B8D-AC23-BFA1F1C74288}.Release|x86.Build.0 = Release|Win32
		{E5FB9E7E-95CC-41FA-9A65-5EE9FE0BF496}.Debug|x64.ActiveCfg = Debug|x64
		{E5FB9E7E-95CC-41FA-9A65-5EE9FE0BF496}.Debug|x64.Build.0 = Debug|x64
		{E5FB9E7E-95CC-41FA-9A65-5EE9FE0BF496}.Debug|x86.ActiveCfg = Debug|Win32
		{E5FB9E7E-95CC-41FA-9A65-5EE9FE0BF496}.Debug|x86.Build.0 = Debug|Win32
		{E5FB9E7E-95CC-41FA-9A65-5EE9FE0BF496}.Release|x64.ActiveCfg = Release|x64
		{E5FB9E7E-95CC-41FA-9A65-5EE9FE0BF496}.Release|x64.Build.0 = Release|x64
		{E5FB9E7E-95CC-41FA-9A65-5EE9FE0BF496}.Release|x86.ActiveCfg = Release|Win32
		{E5FB9E7E-95CC-41FA-9A65-5EE9FE0BF496}.Release|x86.Build.0 = Release|Win32
		{FBB957EA-09B6-46F2-BF92-8A91E7A182A3}.Debug|x64.ActiveCfg = Debug|x64
		{FBB957EA-09B6-46F2-BF92-8A91E7A182A3}.Debug|x64.Build.0 = Debug|x64
		{FBB957EA-09B6-46F2-BF92-8A91E7A182A3}.Debug|x86.ActiveCfg = Debug|Win32
		{FBB957EA-09B6-46F2-BF92-8A91E7A182A3}.Debug|x86.Build.0 = Debug|Win32
		{FBB957EA-09B6-46F2-BF92-8A91E7A182A3}.Release|x64.ActiveCfg = Release|x64
		{FBB957EA-09B6-46F2-BF92-8A91E7A182A3}.Release|x64.Build.0 = Release|x64
		{FBB957EA-09B6-46F2-BF92-8A91E7A182A3}.Release|x86.ActiveCfg = Release|Win32
		{FBB957EA-09B6-46F2-BF92-8A91E7A182A3}.Release|x86.Build.0 = Release|Win32
		{B9B3D552-BC80-403D-AE04-F78E8987777B}.Debug|x64.ActiveCfg = Debug|x64
		{B9B3D552-BC80-403D-AE04-F78E8987777B}.Debug|x64.Build.0 = Debug|x64
		{B9B3D552-BC80-403D-AE04-F78E8987777B}.Debug|x86.ActiveCfg = Debug|Win32
		{B9B3D552-BC80-403D-AE04-F78E8987777B}.Debug|x86.Build.0 = Debug|Win32
		{B9B3D552-BC80-403D-AE04-F78E8987777B}.Release|x64.ActiveCfg = Release|x64
		{B9B3D552-BC80-403D-AE04-F78E8987777B}.Release|x64.Build.0 = Release|x64
		{B9B3D552-BC80-403D-AE04-F78E8987777B}.Release|x86.ActiveCfg = Release|Win32
		{B9B3D552-BC80-403D-AE04-F78E8987777B}.Release|x86.Build.0 = Release|Win32
		{81899C9E-C48A-437C-9F85-BF1FC0B69A0D}.Debug|x64.ActiveCfg = Debug|x64
		{81899C9E-C48A-437C-9F85-BF1FC0B69A0D}.Debug|x64.Build.0 = Debug|x64
		{81899C9E-C48A-437C-9F85-BF1FC0B69A0D}.Debug|x86.ActiveCfg = Debug|Win32
		{81899C9E-C48A-437C-9F85-BF1FC0B69A0D}.Debug|x86.Build.0 = Debug|Win32
		{81899C9E-C48A-437C-9F85-BF1FC0B69A0D}.Release|x64.ActiveCfg = Release|x64
		{81899C9E-C48A-437C-9F85-BF1FC0B69A0D}.Release|x64.Build.0 = Release|x64
		{81899C9E-C48A-437C-9F85-BF1FC0B69A0D}.Release|x86.ActiveCfg = Release|Win32
		{81899C9E-C48A-437C-9F85-BF1FC0B69A0D}.Release|x86.Build.0 = Release|Win32
		{21739EF6-55F1-4E24-8630-8712879C67E4}.Debug|x64.ActiveCfg = Debug|x64
		{21739EF6-55F1-4E24-8630-8712879C67E4}.Debug|x64.Build.0 = Debug|x64
		{21739EF6-55F1-4E24-8630-8712879C67E4}.Debug|x86.ActiveCfg = Debug|Win32
		{21739EF6-55F1-4E24-8630-8712879C67E4}.Debug|x86.Build.0 = Debug|Win32
		{21739EF6-55F1-4E24-8630-8712879C67E4}.Release|x64.ActiveCfg = Release|x64
		{21739EF6-55F1-4E24-8630-8712879C67E4}.Release|x64.Build.0 = Release|x64
		{21739EF6-55F1-4E24-8630-8712879C67E4}.Release|x86.ActiveCfg = Release|Win32
		{21739EF6-55F1-4E24-8630-8712879C67E4}.Release|x86.Build.0 = Release|Win32
		{D9A6AD58-94E6-466E-8A8E-A2669955327C}.Debug|x64.ActiveCfg = Debug|x64
		{D9A6AD58-94E6-466E-8A8E-A2669955327C}.Debug|x64.Build.0 = Debug|x64
		{D9A6AD58-94E6-466E-8A8E-A2669955327C}.Debug|x86.ActiveCfg = Debug|Win32
		{D9A6AD58-94E6-466E-8A8E-A2669955327C}.Debug|x86.Build.0 = Debug|Win32
		{D9A6AD58-94E6-466E-8A8E-A2669955327C}.Release|x64.ActiveCfg = Release|x64
		{D9A6AD58-94E6-466E-8A8E-A2669955327C}.Release|x64.Build.0 = Release|x64
		{D9A6AD58-94E6-466E-8A8E-A2669955327C}.Release|x86.ActiveCfg = Release|Win32
		{D9A6AD58-94E6-466E-8A8E-A2669955327C}.Release|x86.Build.0 = Release|Win32
		{5AF6C3E7-3871-4826-BB58-805A2C44B349}.Debug|x64.ActiveCfg = Debug|x64
		{5AF6C3E7-3871-4826-BB58-805A2C44B349}.Debug|x64.Build.0 = Debug|x64
		{5AF6C3E7-3871-4826-BB58-805A2C44B349}.Debug|x86.ActiveCfg = Debug|Win32
		{5AF6C3E7-3871-4826-BB58-805A2C44B349}.Debug|x86.Build.0 = Debug|Win32
		{5AF6C3E7-3871-4826-BB58-805A2C44B349}.Release|x64.ActiveCfg = Release|x64
		{5AF6C3E7-3871-4826-BB58-805A2C44B349}.Release|x64.Build.0 = Release|x64
		{5AF6C3E7-3871-4826-BB58-805A2C44B349}.Release|x86.ActiveCfg = Release|Win32
		{5AF6C3E7-3871-4826-BB58-805A2C44B349}.Release|x86.Build.0 = Release|Win32
		{B062FE08-CE73-43FD-812C-31AA7BD320A7}.Debug|x64.ActiveCfg = Debug|x64
		{B062FE08-CE73-43FD-812C-31AA7BD320A7}.Debug|x64.Build.0 = Debug|x64
		{B062FE08-CE73-43FD-812C-31AA7BD320A7}.Debug|x86.ActiveCfg = Debug|Win32
		{B062FE08-CE73-43FD-812C-31AA7BD320A7}.Debug|x86.Build.0 = Debug|Win32
		{B062FE08-CE73-43FD-812C-31AA7BD320A7}.Release|x64.ActiveCfg = Release|x64
		{B062FE08-CE73-43FD-812C-31AA7BD320A7}.Release|x64.Build.0 = Release|x64
		{B062FE08-CE73-43FD-812C-31AA7BD320A7}.Release|x86.ActiveCfg = Release|Win32
		{B062FE08-CE73-43FD-812C-31AA7BD320A7}.Release|x86.Build.0 = Release|Win32
		{52117DAE-7551-4876-9786-8DAF4356FB96}.Debug|x64.ActiveCfg = Debug|x64
		{52117DAE-7551-4876-9786-8DAF4356FB96}.Debug|x64.Build.0 = Debug|x64
		{52117DAE-7551-4876-9786-8DAF4356FB96}.Debug|x86.ActiveCfg = Debug|Win32
		{52117DAE-7551-4876-9786-8DAF4356FB96}.Debug|x86.Build.0 = Debug|Win32
		{52117DAE-7551-4876-9786-8DAF4356FB96}.Release|x64.ActiveCfg = Release|x64
		{52117DAE-7551-4876-9786-8DAF4356FB96}.Release|x64.Build.0 = Release|x64
		{52117DAE-7551-4876-9786-8DAF4356FB96}.Release|x86.ActiveCfg = Release|Win32
		{52117DAE-7551-4876-9786-8DAF4356FB96}.Release|x86.Build.0 = Release|Win32
		{16587DA8-969B-4929-84A5-240C47BCB09B}.Debug|x64.ActiveCfg = Debug|x64
		{16587DA8-969B-4929-84A5-240C47BCB09B}.Debug|x64.Build.0 = Debug|x64
		{16587DA8-969B-4929-84A5-240C47BCB09B}.Debug|x86.ActiveCfg = Debug|Win32
		{16587DA8-969B-4929-84A5-240C47BCB09B}.Debug|x86.Build.0 = Debug|Win32
		{16587DA8-969B-4929-84A5-240C47BCB09B}.Release|x64.ActiveCfg = Release|x64
		{16587DA8-969B-4929-84A5-240C47BCB09B}.Release|x64.Build.0 = Release|x64
		{16587DA8-969B-4929-84A5-240C47BCB09B}.Release|x86.ActiveCfg = Release|Win32
		{16587DA8-969B-4929-84A5-240C47BCB09B}.Release|x86.Build.0 = Release|Win32
		{D39BCAF0-8850-4C58-9384-AEF711302422}.Debug|x64.ActiveCfg = Debug|x64
		{D39BCAF0-8850-4C58-9384-AEF711302422}.Debug|x64.Build.0 = Debug|x64
		{D39BCAF0-8850-4C58-9384-AEF711302422}.Debug|x86.ActiveCfg = Debug|Win32
		{D39BCAF0-8850-4C58-9384-AEF711302422}.Debug|x86.Build.0 = Debug|Win32
		{D39BCAF0-8850-4C58-9384-AEF711302422}.Release|x64.ActiveCfg = Release|x64
		{D39BCAF0-8850-4C58-9384-AEF711302422}.Release|x64.Build.0 = Release|x64
		{D39BCAF0-8850-4C58-9384-AEF711302422}.Release|x86.ActiveCfg = Release|Win32
		{D39BCAF0-8850-4C58-9384-AEF711302422}.Release|x86.Build.0 = Release|Win32
	EndGlobalSection
	GlobalSection(SolutionProperties) = preSolution
		HideSolutionNode = FALSE
	EndGlobalSection
	GlobalSection(ExtensibilityGlobals) = postSolution
		SolutionGuid = {45D8E208-C32D-4E19-B4D3-9F55A37DC428}
	EndGlobalSection
EndGlobal
